
Microsoft Visual Studio Solution File, Format Version 12.00
Project("{FAE04EC0-301F-11D3-BF4B-00C04F79EFBC}") = "Devops_tools", "Devops_tools\Devops_tools.csproj", "{18522D72-3898-4803-BE1A-98F7390D570F}"
EndProject
Global
	GlobalSection(SolutionConfigurationPlatforms) = preSolution
		Debug|Any CPU = Debug|Any CPU
		Release|Any CPU = Release|Any CPU
	EndGlobalSection
	GlobalSection(ProjectConfigurationPlatforms) = postSolution
		{18522D72-3898-4803-BE1A-98F7390D570F}.Debug|Any CPU.ActiveCfg = Debug|Any CPU
		{18522D72-3898-4803-BE1A-98F7390D570F}.Debug|Any CPU.Build.0 = Debug|Any CPU
		{18522D72-3898-4803-BE1A-98F7390D570F}.Release|Any CPU.ActiveCfg = Release|Any CPU
		{18522D72-3898-4803-BE1A-98F7390D570F}.Release|Any CPU.Build.0 = Release|Any CPU
	EndGlobalSection
EndGlobal
